// !$*UTF8*$!
{
	archiveVersion = 1;
	classes = {
	};
	objectVersion = 46;
	objects = {

/* Begin PBXBuildFile section */
		84653CB31A1B450A0064552D /* AppDelegate.swift in Sources */ = {isa = PBXBuildFile; fileRef = 84653CB21A1B450A0064552D /* AppDelegate.swift */; };
		84653CB51A1B450A0064552D /* ViewController.swift in Sources */ = {isa = PBXBuildFile; fileRef = 84653CB41A1B450A0064552D /* ViewController.swift */; };
		84653CB81A1B450A0064552D /* Main.storyboard in Resources */ = {isa = PBXBuildFile; fileRef = 84653CB61A1B450A0064552D /* Main.storyboard */; };
		84653CBA1A1B450A0064552D /* Images.xcassets in Resources */ = {isa = PBXBuildFile; fileRef = 84653CB91A1B450A0064552D /* Images.xcassets */; };
		84653CBD1A1B450A0064552D /* LaunchScreen.xib in Resources */ = {isa = PBXBuildFile; fileRef = 84653CBB1A1B450A0064552D /* LaunchScreen.xib */; };
		84653CC91A1B450A0064552D /* test123Tests.swift in Sources */ = {isa = PBXBuildFile; fileRef = 84653CC81A1B450A0064552D /* test123Tests.swift */; };
/* End PBXBuildFile section */

/* Begin PBXContainerItemProxy section */
		84653CC31A1B450A0064552D /* PBXContainerItemProxy */ = {
			isa = PBXContainerItemProxy;
			containerPortal = 84653CA51A1B450A0064552D /* Project object */;
			proxyType = 1;
			remoteGlobalIDString = 84653CAC1A1B450A0064552D;
			remoteInfo = test123;
		};
/* End PBXContainerItemProxy section */

/* Begin PBXFileReference section */
		84653CAD1A1B450A0064552D /* test123.app */ = {isa = PBXFileReference; explicitFileType = wrapper.application; includeInIndex = 0; path = test123.app; sourceTree = BUILT_PRODUCTS_DIR; };
		84653CB11A1B450A0064552D /* Info.plist */ = {isa = PBXFileReference; lastKnownFileType = text.plist.xml; path = Info.plist; sourceTree = "<group>"; };
		84653CB21A1B450A0064552D /* AppDelegate.swift */ = {isa = PBXFileReference; lastKnownFileType = sourcecode.swift; path = AppDelegate.swift; sourceTree = "<group>"; };
		84653CB41A1B450A0064552D /* ViewController.swift */ = {isa = PBXFileReference; lastKnownFileType = sourcecode.swift; path = ViewController.swift; sourceTree = "<group>"; };
		84653CB71A1B450A0064552D /* Base */ = {isa = PBXFileReference; lastKnownFileType = file.storyboard; name = Base; path = Base.lproj/Main.storyboard; sourceTree = "<group>"; };
		84653CB91A1B450A0064552D /* Images.xcassets */ = {isa = PBXFileReference; lastKnownFileType = folder.assetcatalog; path = Images.xcassets; sourceTree = "<group>"; };
		84653CBC1A1B450A0064552D /* Base */ = {isa = PBXFileReference; lastKnownFileType = file.xib; name = Base; path = Base.lproj/LaunchScreen.xib; sourceTree = "<group>"; };
		84653CC21A1B450A0064552D /* test123Tests.xctest */ = {isa = PBXFileReference; explicitFileType = wrapper.cfbundle; includeInIndex = 0; path = test123Tests.xctest; sourceTree = BUILT_PRODUCTS_DIR; };
		84653CC71A1B450A0064552D /* Info.plist */ = {isa = PBXFileReference; lastKnownFileType = text.plist.xml; path = Info.plist; sourceTree = "<group>"; };
		84653CC81A1B450A0064552D /* test123Tests.swift */ = {isa = PBXFileReference; lastKnownFileType = sourcecode.swift; path = test123Tests.swift; sourceTree = "<group>"; };
/* End PBXFileReference section */

/* Begin PBXFrameworksBuildPhase section */
		84653CAA1A1B450A0064552D /* Frameworks */ = {
			isa = PBXFrameworksBuildPhase;
			buildActionMask = 2147483647;
			files = (
			);
			runOnlyForDeploymentPostprocessing = 0;
		};
		84653CBF1A1B450A0064552D /* Frameworks */ = {
			isa = PBXFrameworksBuildPhase;
			buildActionMask = 2147483647;
			files = (
			);
			runOnlyForDeploymentPostprocessing = 0;
		};
/* End PBXFrameworksBuildPhase section */

/* Begin PBXGroup section */
		84653CA41A1B450A0064552D = {
			isa = PBXGroup;
			children = (
				84653CAF1A1B450A0064552D /* test123 */,
				84653CC51A1B450A0064552D /* test123Tests */,
				84653CAE1A1B450A0064552D /* Products */,
			);
			sourceTree = "<group>";
		};
		84653CAE1A1B450A0064552D /* Products */ = {
			isa = PBXGroup;
			children = (
				84653CAD1A1B450A0064552D /* test123.app */,
				84653CC21A1B450A0064552D /* test123Tests.xctest */,
			);
			name = Products;
			sourceTree = "<group>";
		};
		84653CAF1A1B450A0064552D /* test123 */ = {
			isa = PBXGroup;
			children = (
				84653CB21A1B450A0064552D /* AppDelegate.swift */,
				84653CB41A1B450A0064552D /* ViewController.swift */,
				84653CB61A1B450A0064552D /* Main.storyboard */,
				84653CB91A1B450A0064552D /* Images.xcassets */,
				84653CBB1A1B450A0064552D /* LaunchScreen.xib */,
				84653CB01A1B450A0064552D /* Supporting Files */,
			);
			path = test123;
			sourceTree = "<group>";
		};
		84653CB01A1B450A0064552D /* Supporting Files */ = {
			isa = PBXGroup;
			children = (
				84653CB11A1B450A0064552D /* Info.plist */,
			);
			name = "Supporting Files";
			sourceTree = "<group>";
		};
		84653CC51A1B450A0064552D /* test123Tests */ = {
			isa = PBXGroup;
			children = (
				84653CC81A1B450A0064552D /* test123Tests.swift */,
				84653CC61A1B450A0064552D /* Supporting Files */,
			);
			path = test123Tests;
			sourceTree = "<group>";
		};
		84653CC61A1B450A0064552D /* Supporting Files */ = {
			isa = PBXGroup;
			children = (
				84653CC71A1B450A0064552D /* Info.plist */,
			);
			name = "Supporting Files";
			sourceTree = "<group>";
		};
/* End PBXGroup section */

/* Begin PBXNativeTarget section */
		84653CAC1A1B450A0064552D /* test123 */ = {
			isa = PBXNativeTarget;
			buildConfigurationList = 84653CCC1A1B450A0064552D /* Build configuration list for PBXNativeTarget "test123" */;
			buildPhases = (
				84653CA91A1B450A0064552D /* Sources */,
				84653CAA1A1B450A0064552D /* Frameworks */,
				84653CAB1A1B450A0064552D /* Resources */,
			);
			buildRules = (
			);
			dependencies = (
			);
			name = test123;
			productName = test123;
			productReference = 84653CAD1A1B450A0064552D /* test123.app */;
			productType = "com.apple.product-type.application";
		};
		84653CC11A1B450A0064552D /* test123Tests */ = {
			isa = PBXNativeTarget;
			buildConfigurationList = 84653CCF1A1B450A0064552D /* Build configuration list for PBXNativeTarget "test123Tests" */;
			buildPhases = (
				84653CBE1A1B450A0064552D /* Sources */,
				84653CBF1A1B450A0064552D /* Frameworks */,
				84653CC01A1B450A0064552D /* Resources */,
			);
			buildRules = (
			);
			dependencies = (
				84653CC41A1B450A0064552D /* PBXTargetDependency */,
			);
			name = test123Tests;
			productName = test123Tests;
			productReference = 84653CC21A1B450A0064552D /* test123Tests.xctest */;
			productType = "com.apple.product-type.bundle.unit-test";
		};
/* End PBXNativeTarget section */

/* Begin PBXProject section */
		84653CA51A1B450A0064552D /* Project object */ = {
			isa = PBXProject;
			attributes = {
				LastUpgradeCheck = 0610;
				ORGANIZATIONNAME = "tesmo, inc";
				TargetAttributes = {
					84653CAC1A1B450A0064552D = {
						CreatedOnToolsVersion = 6.1;
					};
					84653CC11A1B450A0064552D = {
						CreatedOnToolsVersion = 6.1;
						TestTargetID = 84653CAC1A1B450A0064552D;
					};
				};
			};
			buildConfigurationList = 84653CA81A1B450A0064552D /* Build configuration list for PBXProject "test123" */;
			compatibilityVersion = "Xcode 3.2";
			developmentRegion = English;
			hasScannedForEncodings = 0;
			knownRegions = (
				en,
				Base,
			);
			mainGroup = 84653CA41A1B450A0064552D;
			productRefGroup = 84653CAE1A1B450A0064552D /* Products */;
			projectDirPath = "";
			projectRoot = "";
			targets = (
				84653CAC1A1B450A0064552D /* test123 */,
				84653CC11A1B450A0064552D /* test123Tests */,
			);
		};
/* End PBXProject section */

/* Begin PBXResourcesBuildPhase section */
		84653CAB1A1B450A0064552D /* Resources */ = {
			isa = PBXResourcesBuildPhase;
			buildActionMask = 2147483647;
			files = (
				84653CB81A1B450A0064552D /* Main.storyboard in Resources */,
				84653CBD1A1B450A0064552D /* LaunchScreen.xib in Resources */,
				84653CBA1A1B450A0064552D /* Images.xcassets in Resources */,
			);
			runOnlyForDeploymentPostprocessing = 0;
		};
		84653CC01A1B450A0064552D /* Resources */ = {
			isa = PBXResourcesBuildPhase;
			buildActionMask = 2147483647;
			files = (
			);
			runOnlyForDeploymentPostprocessing = 0;
		};
/* End PBXResourcesBuildPhase section */

/* Begin PBXSourcesBuildPhase section */
		84653CA91A1B450A0064552D /* Sources */ = {
			isa = PBXSourcesBuildPhase;
			buildActionMask = 2147483647;
			files = (
				84653CB51A1B450A0064552D /* ViewController.swift in Sources */,
				84653CB31A1B450A0064552D /* AppDelegate.swift in Sources */,
			);
			runOnlyForDeploymentPostprocessing = 0;
		};
		84653CBE1A1B450A0064552D /* Sources */ = {
			isa = PBXSourcesBuildPhase;
			buildActionMask = 2147483647;
			files = (
				84653CC91A1B450A0064552D /* test123Tests.swift in Sources */,
			);
			runOnlyForDeploymentPostprocessing = 0;
		};
/* End PBXSourcesBuildPhase section */

/* Begin PBXTargetDependency section */
		84653CC41A1B450A0064552D /* PBXTargetDependency */ = {
			isa = PBXTargetDependency;
			target = 84653CAC1A1B450A0064552D /* test123 */;
			targetProxy = 84653CC31A1B450A0064552D /* PBXContainerItemProxy */;
		};
/* End PBXTargetDependency section */

/* Begin PBXVariantGroup section */
		84653CB61A1B450A0064552D /* Main.storyboard */ = {
			isa = PBXVariantGroup;
			children = (
				84653CB71A1B450A0064552D /* Base */,
			);
			name = Main.storyboard;
			sourceTree = "<group>";
		};
		84653CBB1A1B450A0064552D /* LaunchScreen.xib */ = {
			isa = PBXVariantGroup;
			children = (
				84653CBC1A1B450A0064552D /* Base */,
			);
			name = LaunchScreen.xib;
			sourceTree = "<group>";
		};
/* End PBXVariantGroup section */

/* Begin XCBuildConfiguration section */
		84653CCA1A1B450A0064552D /* Debug */ = {
			isa = XCBuildConfiguration;
			buildSettings = {
				ALWAYS_SEARCH_USER_PATHS = NO;
				CLANG_CXX_LANGUAGE_STANDARD = "gnu++0x";
				CLANG_CXX_LIBRARY = "libc++";
				CLANG_ENABLE_MODULES = YES;
				CLANG_ENABLE_OBJC_ARC = YES;
				CLANG_WARN_BOOL_CONVERSION = YES;
				CLANG_WARN_CONSTANT_CONVERSION = YES;
				CLANG_WARN_DIRECT_OBJC_ISA_USAGE = YES_ERROR;
				CLANG_WARN_EMPTY_BODY = YES;
				CLANG_WARN_ENUM_CONVERSION = YES;
				CLANG_WARN_INT_CONVERSION = YES;
				CLANG_WARN_OBJC_ROOT_CLASS = YES_ERROR;
				CLANG_WARN_UNREACHABLE_CODE = YES;
				CLANG_WARN__DUPLICATE_METHOD_MATCH = YES;
				"CODE_SIGN_IDENTITY[sdk=iphoneos*]" = "iPhone Developer";
				COPY_PHASE_STRIP = NO;
				ENABLE_STRICT_OBJC_MSGSEND = YES;
				GCC_C_LANGUAGE_STANDARD = gnu99;
				GCC_DYNAMIC_NO_PIC = NO;
				GCC_OPTIMIZATION_LEVEL = 0;
				GCC_PREPROCESSOR_DEFINITIONS = (
					"DEBUG=1",
					"$(inherited)",
				);
				GCC_SYMBOLS_PRIVATE_EXTERN = NO;
				GCC_WARN_64_TO_32_BIT_CONVERSION = YES;
				GCC_WARN_ABOUT_RETURN_TYPE = YES_ERROR;
				GCC_WARN_UNDECLARED_SELECTOR = YES;
				GCC_WARN_UNINITIALIZED_AUTOS = YES_AGGRESSIVE;
				GCC_WARN_UNUSED_FUNCTION = YES;
				GCC_WARN_UNUSED_VARIABLE = YES;
				IPHONEOS_DEPLOYMENT_TARGET = 8.1;
				MTL_ENABLE_DEBUG_INFO = YES;
				ONLY_ACTIVE_ARCH = YES;
				SDKROOT = iphoneos;
				SWIFT_OPTIMIZATION_LEVEL = "-Onone";
				TARGETED_DEVICE_FAMILY = "1,2";
			};
			name = Debug;
		};
		84653CCB1A1B450A0064552D /* Release */ = {
			isa = XCBuildConfiguration;
			buildSettings = {
				ALWAYS_SEARCH_USER_PATHS = NO;
				CLANG_CXX_LANGUAGE_STANDARD = "gnu++0x";
				CLANG_CXX_LIBRARY = "libc++";
				CLANG_ENABLE_MODULES = YES;
				CLANG_ENABLE_OBJC_ARC = YES;
				CLANG_WARN_BOOL_CONVERSION = YES;
				CLANG_WARN_CONSTANT_CONVERSION = YES;
				CLANG_WARN_DIRECT_OBJC_ISA_USAGE = YES_ERROR;
				CLANG_WARN_EMPTY_BODY = YES;
				CLANG_WARN_ENUM_CONVERSION = YES;
				CLANG_WARN_INT_CONVERSION = YES;
				CLANG_WARN_OBJC_ROOT_CLASS = YES_ERROR;
				CLANG_WARN_UNREACHABLE_CODE = YES;
				CLANG_WARN__DUPLICATE_METHOD_MATCH = YES;
				"CODE_SIGN_IDENTITY[sdk=iphoneos*]" = "iPhone Developer";
				COPY_PHASE_STRIP = YES;
				ENABLE_NS_ASSERTIONS = NO;
				ENABLE_STRICT_OBJC_MSGSEND = YES;
				GCC_C_LANGUAGE_STANDARD = gnu99;
				GCC_WARN_64_TO_32_BIT_CONVERSION = YES;
				GCC_WARN_ABOUT_RETURN_TYPE = YES_ERROR;
				GCC_WARN_UNDECLARED_SELECTOR = YES;
				GCC_WARN_UNINITIALIZED_AUTOS = YES_AGGRESSIVE;
				GCC_WARN_UNUSED_FUNCTION = YES;
				GCC_WARN_UNUSED_VARIABLE = YES;
				IPHONEOS_DEPLOYMENT_TARGET = 8.1;
				MTL_ENABLE_DEBUG_INFO = NO;
				SDKROOT = iphoneos;
				TARGETED_DEVICE_FAMILY = "1,2";
				VALIDATE_PRODUCT = YES;
			};
			name = Release;
		};
		84653CCD1A1B450A0064552D /* Debug */ = {
			isa = XCBuildConfiguration;
			buildSettings = {
				ASSETCATALOG_COMPILER_APPICON_NAME = AppIcon;
				INFOPLIST_FILE = test123/Info.plist;
				LD_RUNPATH_SEARCH_PATHS = "$(inherited) @executable_path/Frameworks";
				PRODUCT_NAME = "$(TARGET_NAME)";
			};
			name = Debug;
		};
		84653CCE1A1B450A0064552D /* Release */ = {
			isa = XCBuildConfiguration;
			buildSettings = {
				ASSETCATALOG_COMPILER_APPICON_NAME = AppIcon;
				INFOPLIST_FILE = test123/Info.plist;
				LD_RUNPATH_SEARCH_PATHS = "$(inherited) @executable_path/Frameworks";
				PRODUCT_NAME = "$(TARGET_NAME)";
			};
			name = Release;
		};
		84653CD01A1B450A0064552D /* Debug */ = {
			isa = XCBuildConfiguration;
			buildSettings = {
				BUNDLE_LOADER = "$(TEST_HOST)";
				FRAMEWORK_SEARCH_PATHS = (
					"$(SDKROOT)/Developer/Library/Frameworks",
					"$(inherited)",
				);
				GCC_PREPROCESSOR_DEFINITIONS = (
					"DEBUG=1",
					"$(inherited)",
				);
				INFOPLIST_FILE = test123Tests/Info.plist;
				LD_RUNPATH_SEARCH_PATHS = "$(inherited) @executable_path/Frameworks @loader_path/Frameworks";
				PRODUCT_NAME = "$(TARGET_NAME)";
				TEST_HOST = "$(BUILT_PRODUCTS_DIR)/test123.app/test123";
			};
			name = Debug;
		};
		84653CD11A1B450A0064552D /* Release */ = {
			isa = XCBuildConfiguration;
			buildSettings = {
				BUNDLE_LOADER = "$(TEST_HOST)";
				FRAMEWORK_SEARCH_PATHS = (
					"$(SDKROOT)/Developer/Library/Frameworks",
					"$(inherited)",
				);
				INFOPLIST_FILE = test123Tests/Info.plist;
				LD_RUNPATH_SEARCH_PATHS = "$(inherited) @executable_path/Frameworks @loader_path/Frameworks";
				PRODUCT_NAME = "$(TARGET_NAME)";
				TEST_HOST = "$(BUILT_PRODUCTS_DIR)/test123.app/test123";
			};
			name = Release;
		};
/* End XCBuildConfiguration section */

/* Begin XCConfigurationList section */
		84653CA81A1B450A0064552D /* Build configuration list for PBXProject "test123" */ = {
			isa = XCConfigurationList;
			buildConfigurations = (
				84653CCA1A1B450A0064552D /* Debug */,
				84653CCB1A1B450A0064552D /* Release */,
			);
			defaultConfigurationIsVisible = 0;
			defaultConfigurationName = Release;
		};
		84653CCC1A1B450A0064552D /* Build configuration list for PBXNativeTarget "test123" */ = {
			isa = XCConfigurationList;
			buildConfigurations = (
				84653CCD1A1B450A0064552D /* Debug */,
				84653CCE1A1B450A0064552D /* Release */,
			);
			defaultConfigurationIsVisible = 0;
		};
		84653CCF1A1B450A0064552D /* Build configuration list for PBXNativeTarget "test123Tests" */ = {
			isa = XCConfigurationList;
			buildConfigurations = (
				84653CD01A1B450A0064552D /* Debug */,
				84653CD11A1B450A0064552D /* Release */,
			);
			defaultConfigurationIsVisible = 0;
		};
/* End XCConfigurationList section */
	};
	rootObject = 84653CA51A1B450A0064552D /* Project object */;
}
